
Microsoft Visual Studio Solution File, Format Version 12.00
# Visual Studio 15
VisualStudioVersion = 15.0.33801.198
MinimumVisualStudioVersion = 10.0.40219.1
Project("{FAE04EC0-301F-11D3-BF4B-00C04F79EFBC}") = "点云处理", "点云处理\点云处理.csproj", "{F1DD0AA1-2DB6-4D74-9951-AE9D901CEB83}"
EndProject
Global
	GlobalSection(SolutionConfigurationPlatforms) = preSolution
		Debug|Any CPU = Debug|Any CPU
		Release|Any CPU = Release|Any CPU
	EndGlobalSection
	GlobalSection(ProjectConfigurationPlatforms) = postSolution
		{F1DD0AA1-2DB6-4D74-9951-AE9D901CEB83}.Debug|Any CPU.ActiveCfg = Debug|Any CPU
		{F1DD0AA1-2DB6-4D74-9951-AE9D901CEB83}.Debug|Any CPU.Build.0 = Debug|Any CPU
		{F1DD0AA1-2DB6-4D74-9951-AE9D901CEB83}.Release|Any CPU.ActiveCfg = Release|Any CPU
		{F1DD0AA1-2DB6-4D74-9951-AE9D901CEB83}.Release|Any CPU.Build.0 = Release|Any CPU
	EndGlobalSection
	GlobalSection(SolutionProperties) = preSolution
		HideSolutionNode = FALSE
	EndGlobalSection
	GlobalSection(ExtensibilityGlobals) = postSolution
		SolutionGuid = {AD059B82-1C22-481C-AE4A-CCDFCD52E18D}
	EndGlobalSection
EndGlobal
